{
  "name": "lab1",
  "version": "1.0.0",
  "lockfileVersion": 2,
  "requires": true,
  "packages": {
    "": {
      "name": "lab1",
      "version": "1.0.0",
      "license": "ISC",
      "dependencies": {
        "color-string": "^1.9.1",
        "contains-emoji": "^1.1.4",
        "fun-animal-names": "^0.1.1",
        "i": "^0.3.7",
        "install": "^0.13.0",
        "orc-me": "^1.1.6"
      },
      "devDependencies": {
        "@vid3v/random-color": "^2.0.0"
      }
    },
    "node_modules/@vid3v/random-color": {
      "version": "2.0.0",
      "resolved": "https://registry.npmjs.org/@vid3v/random-color/-/random-color-2.0.0.tgz",
      "integrity": "sha512-0I/cETiizGupv/3w3MOrGmfGbefSdHsE4XShjaW0h+vSGGRcIaLeEFHRKWdAxorX24e61Ebcplsz43TkcYPwyA==",
      "dev": true
    },
    "node_modules/color-name": {
      "version": "1.1.4",
      "resolved": "https://registry.npmjs.org/color-name/-/color-name-1.1.4.tgz",
      "integrity": "sha512-dOy+3AuW3a2wNbZHIuMZpTcgjGuLU/uBL/ubcZF9OXbDo8ff4O8yVp5Bf0efS8uEoYo5q4Fx7dY9OgQGXgAsQA=="
    },
    "node_modules/color-string": {
      "version": "1.9.1",
      "resolved": "https://registry.npmjs.org/color-string/-/color-string-1.9.1.tgz",
      "integrity": "sha512-shrVawQFojnZv6xM40anx4CkoDP+fZsw/ZerEMsW/pyzsRbElpsL/DBVW7q3ExxwusdNXI3lXpuhEZkzs8p5Eg==",
      "dependencies": {
        "color-name": "^1.0.0",
        "simple-swizzle": "^0.2.2"
      }
    },
    "node_modules/contains-emoji": {
      "version": "1.1.4",
      "resolved": "https://registry.npmjs.org/contains-emoji/-/contains-emoji-1.1.4.tgz",
      "integrity": "sha512-+m8bXsfnU3bMEV91CT0vZ1aDAuVDfjocma32DhornotcAQ9QjU948YNu4RQ/hiG8FDg8iPOlCX4Pa+ath2BD+w==",
      "dependencies": {
        "emoji-regex": "^9.0.0"
      }
    },
    "node_modules/emoji-regex": {
      "version": "9.2.2",
      "resolved": "https://registry.npmjs.org/emoji-regex/-/emoji-regex-9.2.2.tgz",
      "integrity": "sha512-L18DaJsXSUk2+42pv8mLs5jJT2hqFkFE4j21wOmgbUqsZ2hL72NsUU785g9RXgo3s0ZNgVl42TiHp3ZtOv/Vyg=="
    },
    "node_modules/fun-animal-names": {
      "version": "0.1.1",
      "resolved": "https://registry.npmjs.org/fun-animal-names/-/fun-animal-names-0.1.1.tgz",
      "integrity": "sha512-QAGZiESFUSlcJ17PMBtuzsmwYOI8KK9s4HAGYbxIzWP+IxvioDG/yLRiRjB+BOxgtoELCd1/Hii7sDKsm4htpw==",
      "engines": {
        "node": ">=14"
      }
    },
    "node_modules/i": {
      "version": "0.3.7",
      "resolved": "https://registry.npmjs.org/i/-/i-0.3.7.tgz",
      "integrity": "sha512-FYz4wlXgkQwIPqhzC5TdNMLSE5+GS1IIDJZY/1ZiEPCT2S3COUVZeT5OW4BmW4r5LHLQuOosSwsvnroG9GR59Q==",
      "engines": {
        "node": ">=0.4"
      }
    },
    "node_modules/install": {
      "version": "0.13.0",
      "resolved": "https://registry.npmjs.org/install/-/install-0.13.0.tgz",
      "integrity": "sha512-zDml/jzr2PKU9I8J/xyZBQn8rPCAY//UOYNmR01XwNwyfhEWObo2SWfSl1+0tm1u6PhxLwDnfsT/6jB7OUxqFA==",
      "engines": {
        "node": ">= 0.10"
      }
    },
    "node_modules/is-arrayish": {
      "version": "0.3.2",
      "resolved": "https://registry.npmjs.org/is-arrayish/-/is-arrayish-0.3.2.tgz",
      "integrity": "sha512-eVRqCvVlZbuw3GrM63ovNSNAeA1K16kaR/LRY/92w0zxQ5/1YzwblUX652i4Xs9RwAGjW9d9y6X88t8OaAJfWQ=="
    },
    "node_modules/orc-me": {
      "version": "1.1.6",
      "resolved": "https://registry.npmjs.org/orc-me/-/orc-me-1.1.6.tgz",
      "integrity": "sha512-jY1U1BtvU1w86veNF5hbe2QXhC4qAFZyqwj37o4fNwAQ6DcZnvdGoYLXB8zYDuPDM2DOAwjFEQU1WOMR5gyfzA=="
    },
    "node_modules/simple-swizzle": {
      "version": "0.2.2",
      "resolved": "https://registry.npmjs.org/simple-swizzle/-/simple-swizzle-0.2.2.tgz",
      "integrity": "sha512-JA//kQgZtbuY83m+xT+tXJkmJncGMTFT+C+g2h2R9uxkYIrE2yy9sgmcLhCnw57/WSD+Eh3J97FPEDFnbXnDUg==",
      "dependencies": {
        "is-arrayish": "^0.3.1"
      }
    }
  },
  "dependencies": {
    "@vid3v/random-color": {
      "version": "2.0.0",
      "resolved": "https://registry.npmjs.org/@vid3v/random-color/-/random-color-2.0.0.tgz",
      "integrity": "sha512-0I/cETiizGupv/3w3MOrGmfGbefSdHsE4XShjaW0h+vSGGRcIaLeEFHRKWdAxorX24e61Ebcplsz43TkcYPwyA==",
      "dev": true
    },
    "color-name": {
      "version": "1.1.4",
      "resolved": "https://registry.npmjs.org/color-name/-/color-name-1.1.4.tgz",
      "integrity": "sha512-dOy+3AuW3a2wNbZHIuMZpTcgjGuLU/uBL/ubcZF9OXbDo8ff4O8yVp5Bf0efS8uEoYo5q4Fx7dY9OgQGXgAsQA=="
    },
    "color-string": {
      "version": "1.9.1",
      "resolved": "https://registry.npmjs.org/color-string/-/color-string-1.9.1.tgz",
      "integrity": "sha512-shrVawQFojnZv6xM40anx4CkoDP+fZsw/ZerEMsW/pyzsRbElpsL/DBVW7q3ExxwusdNXI3lXpuhEZkzs8p5Eg==",
      "requires": {
        "color-name": "^1.0.0",
        "simple-swizzle": "^0.2.2"
      }
    },
    "contains-emoji": {
      "version": "1.1.4",
      "resolved": "https://registry.npmjs.org/contains-emoji/-/contains-emoji-1.1.4.tgz",
      "integrity": "sha512-+m8bXsfnU3bMEV91CT0vZ1aDAuVDfjocma32DhornotcAQ9QjU948YNu4RQ/hiG8FDg8iPOlCX4Pa+ath2BD+w==",
      "requires": {
        "emoji-regex": "^9.0.0"
      }
    },
    "emoji-regex": {
      "version": "9.2.2",
      "resolved": "https://registry.npmjs.org/emoji-regex/-/emoji-regex-9.2.2.tgz",
      "integrity": "sha512-L18DaJsXSUk2+42pv8mLs5jJT2hqFkFE4j21wOmgbUqsZ2hL72NsUU785g9RXgo3s0ZNgVl42TiHp3ZtOv/Vyg=="
    },
    "fun-animal-names": {
      "version": "0.1.1",
      "resolved": "https://registry.npmjs.org/fun-animal-names/-/fun-animal-names-0.1.1.tgz",
      "integrity": "sha512-QAGZiESFUSlcJ17PMBtuzsmwYOI8KK9s4HAGYbxIzWP+IxvioDG/yLRiRjB+BOxgtoELCd1/Hii7sDKsm4htpw=="
    },
    "i": {
      "version": "0.3.7",
      "resolved": "https://registry.npmjs.org/i/-/i-0.3.7.tgz",
      "integrity": "sha512-FYz4wlXgkQwIPqhzC5TdNMLSE5+GS1IIDJZY/1ZiEPCT2S3COUVZeT5OW4BmW4r5LHLQuOosSwsvnroG9GR59Q=="
    },
    "install": {
      "version": "0.13.0",
      "resolved": "https://registry.npmjs.org/install/-/install-0.13.0.tgz",
      "integrity": "sha512-zDml/jzr2PKU9I8J/xyZBQn8rPCAY//UOYNmR01XwNwyfhEWObo2SWfSl1+0tm1u6PhxLwDnfsT/6jB7OUxqFA=="
    },
    "is-arrayish": {
      "version": "0.3.2",
      "resolved": "https://registry.npmjs.org/is-arrayish/-/is-arrayish-0.3.2.tgz",
      "integrity": "sha512-eVRqCvVlZbuw3GrM63ovNSNAeA1K16kaR/LRY/92w0zxQ5/1YzwblUX652i4Xs9RwAGjW9d9y6X88t8OaAJfWQ=="
    },
    "orc-me": {
      "version": "1.1.6",
      "resolved": "https://registry.npmjs.org/orc-me/-/orc-me-1.1.6.tgz",
      "integrity": "sha512-jY1U1BtvU1w86veNF5hbe2QXhC4qAFZyqwj37o4fNwAQ6DcZnvdGoYLXB8zYDuPDM2DOAwjFEQU1WOMR5gyfzA=="
    },
    "simple-swizzle": {
      "version": "0.2.2",
      "resolved": "https://registry.npmjs.org/simple-swizzle/-/simple-swizzle-0.2.2.tgz",
      "integrity": "sha512-JA//kQgZtbuY83m+xT+tXJkmJncGMTFT+C+g2h2R9uxkYIrE2yy9sgmcLhCnw57/WSD+Eh3J97FPEDFnbXnDUg==",
      "requires": {
        "is-arrayish": "^0.3.1"
      }
    }
  }
}
